
Microsoft Visual Studio Solution File, Format Version 11.00
# Visual Studio 2010
Project("{FAE04EC0-301F-11D3-BF4B-00C04F79EFBC}") = "UDPChat", "UDPChat\UDPChat.csproj", "{87AFA8C3-FD4E-4E97-A14C-5D93C1DC86C2}"
EndProject
Project("{FAE04EC0-301F-11D3-BF4B-00C04F79EFBC}") = "UDPServer", "UDPServer\UDPServer.csproj", "{D69DB69A-B945-45D8-8F86-98A067BE741C}"
EndProject
Global
	GlobalSection(SolutionConfigurationPlatforms) = preSolution
		Debug|Any CPU = Debug|Any CPU
		Release|Any CPU = Release|Any CPU
	EndGlobalSection
	GlobalSection(ProjectConfigurationPlatforms) = postSolution
		{87AFA8C3-FD4E-4E97-A14C-5D93C1DC86C2}.Debug|Any CPU.ActiveCfg = Debug|Any CPU
		{87AFA8C3-FD4E-4E97-A14C-5D93C1DC86C2}.Debug|Any CPU.Build.0 = Debug|Any CPU
		{87AFA8C3-FD4E-4E97-A14C-5D93C1DC86C2}.Release|Any CPU.ActiveCfg = Release|Any CPU
		{87AFA8C3-FD4E-4E97-A14C-5D93C1DC86C2}.Release|Any CPU.Build.0 = Release|Any CPU
		{D69DB69A-B945-45D8-8F86-98A067BE741C}.Debug|Any CPU.ActiveCfg = Debug|Any CPU
		{D69DB69A-B945-45D8-8F86-98A067BE741C}.Debug|Any CPU.Build.0 = Debug|Any CPU
		{D69DB69A-B945-45D8-8F86-98A067BE741C}.Release|Any CPU.ActiveCfg = Release|Any CPU
		{D69DB69A-B945-45D8-8F86-98A067BE741C}.Release|Any CPU.Build.0 = Release|Any CPU
	EndGlobalSection
	GlobalSection(SolutionProperties) = preSolution
		HideSolutionNode = FALSE
	EndGlobalSection
EndGlobal
